// !$*UTF8*$!
{
	archiveVersion = 1;
	classes = {
	};
	objectVersion = 51;
	objects = {

/* Begin PBXBuildFile section */
		771CAB7D49173ADA3AC2AAFA /* Pods_DataUsageTests.framework in Frameworks */ = {isa = PBXBuildFile; fileRef = DEC79BBE369CB56E5C9F0644 /* Pods_DataUsageTests.framework */; };
		9BFE31F224EA5CA200233F4C /* AppDelegate.swift in Sources */ = {isa = PBXBuildFile; fileRef = 9BFE31F124EA5CA200233F4C /* AppDelegate.swift */; };
		9BFE31F924EA5CA200233F4C /* Main.storyboard in Resources */ = {isa = PBXBuildFile; fileRef = 9BFE31F724EA5CA200233F4C /* Main.storyboard */; };
		9BFE31FB24EA5CA700233F4C /* Assets.xcassets in Resources */ = {isa = PBXBuildFile; fileRef = 9BFE31FA24EA5CA700233F4C /* Assets.xcassets */; };
		9BFE31FE24EA5CA700233F4C /* LaunchScreen.storyboard in Resources */ = {isa = PBXBuildFile; fileRef = 9BFE31FC24EA5CA700233F4C /* LaunchScreen.storyboard */; };
		9BFE320A24EA604800233F4C /* DataUsageViewController.swift in Sources */ = {isa = PBXBuildFile; fileRef = 9BFE320924EA604800233F4C /* DataUsageViewController.swift */; };
		9BFE320C24EA60EE00233F4C /* DataUsageViewModel.swift in Sources */ = {isa = PBXBuildFile; fileRef = 9BFE320B24EA60EE00233F4C /* DataUsageViewModel.swift */; };
		9BFE320F24EA67A600233F4C /* DataUsageTableViewCell.swift in Sources */ = {isa = PBXBuildFile; fileRef = 9BFE320E24EA67A600233F4C /* DataUsageTableViewCell.swift */; };
		9BFE321124EA67EF00233F4C /* DataUsageTableViewCell.xib in Resources */ = {isa = PBXBuildFile; fileRef = 9BFE321024EA67EF00233F4C /* DataUsageTableViewCell.xib */; };
		9BFE321424EA68A800233F4C /* SectionHeaderView.xib in Resources */ = {isa = PBXBuildFile; fileRef = 9BFE321324EA68A800233F4C /* SectionHeaderView.xib */; };
		9BFE321624EA691D00233F4C /* SectionHeaderView.swift in Sources */ = {isa = PBXBuildFile; fileRef = 9BFE321524EA691D00233F4C /* SectionHeaderView.swift */; };
		9BFE321D24EA995800233F4C /* DataUsageRequestDTO.swift in Sources */ = {isa = PBXBuildFile; fileRef = 9BFE321C24EA995800233F4C /* DataUsageRequestDTO.swift */; };
		9BFE321F24EA999700233F4C /* APIError.swift in Sources */ = {isa = PBXBuildFile; fileRef = 9BFE321E24EA999700233F4C /* APIError.swift */; };
		9BFE322124EA99CA00233F4C /* Alamofire+Codable.swift in Sources */ = {isa = PBXBuildFile; fileRef = 9BFE322024EA99CA00233F4C /* Alamofire+Codable.swift */; };
		9BFE322324EA9A5900233F4C /* DataUsageNetworkService.swift in Sources */ = {isa = PBXBuildFile; fileRef = 9BFE322224EA9A5900233F4C /* DataUsageNetworkService.swift */; };
		9BFE322624EA9AF200233F4C /* Configuration.swift in Sources */ = {isa = PBXBuildFile; fileRef = 9BFE322524EA9AF200233F4C /* Configuration.swift */; };
		9BFE322824EA9B1100233F4C /* WebServiceConstant.swift in Sources */ = {isa = PBXBuildFile; fileRef = 9BFE322724EA9B1100233F4C /* WebServiceConstant.swift */; };
		9BFE322B24EA9B6800233F4C /* Fields.swift in Sources */ = {isa = PBXBuildFile; fileRef = 9BFE322A24EA9B6800233F4C /* Fields.swift */; };
		9BFE322D24EA9B8F00233F4C /* YearlyDataUsage.swift in Sources */ = {isa = PBXBuildFile; fileRef = 9BFE322C24EA9B8F00233F4C /* YearlyDataUsage.swift */; };
		9BFE322F24EA9BA900233F4C /* Links.swift in Sources */ = {isa = PBXBuildFile; fileRef = 9BFE322E24EA9BA900233F4C /* Links.swift */; };
		9BFE323124EA9BF200233F4C /* ResultData.swift in Sources */ = {isa = PBXBuildFile; fileRef = 9BFE323024EA9BF200233F4C /* ResultData.swift */; };
		9BFE323324EA9C0400233F4C /* Records.swift in Sources */ = {isa = PBXBuildFile; fileRef = 9BFE323224EA9C0400233F4C /* Records.swift */; };
		9BFE323524EA9D9000233F4C /* DataUsageResponseDTO.swift in Sources */ = {isa = PBXBuildFile; fileRef = 9BFE323424EA9D9000233F4C /* DataUsageResponseDTO.swift */; };
		9BFE323824EAA77300233F4C /* HelperUtility.swift in Sources */ = {isa = PBXBuildFile; fileRef = 9BFE323724EAA77300233F4C /* HelperUtility.swift */; };
		9BFE323B24EAAE9500233F4C /* DataUsageDBService.swift in Sources */ = {isa = PBXBuildFile; fileRef = 9BFE323A24EAAE9500233F4C /* DataUsageDBService.swift */; };
		9BFE323D24EAAEA300233F4C /* DataBaseHandler.swift in Sources */ = {isa = PBXBuildFile; fileRef = 9BFE323C24EAAEA300233F4C /* DataBaseHandler.swift */; };
		9BFE324024EAAEE600233F4C /* DataUsage.xcdatamodeld in Sources */ = {isa = PBXBuildFile; fileRef = 9BFE323E24EAAEE600233F4C /* DataUsage.xcdatamodeld */; };
		9BFE324424EAAF9700233F4C /* QuarterEntity+CoreDataClass.swift in Sources */ = {isa = PBXBuildFile; fileRef = 9BFE324224EAAF9700233F4C /* QuarterEntity+CoreDataClass.swift */; };
		9BFE324524EAAF9700233F4C /* QuarterEntity+CoreDataProperties.swift in Sources */ = {isa = PBXBuildFile; fileRef = 9BFE324324EAAF9700233F4C /* QuarterEntity+CoreDataProperties.swift */; };
		9BFE324824EAB12900233F4C /* DataUsageDataProvider.swift in Sources */ = {isa = PBXBuildFile; fileRef = 9BFE324624EAB01600233F4C /* DataUsageDataProvider.swift */; };
		9BFE324B24EAB15D00233F4C /* ViewModelFactory.swift in Sources */ = {isa = PBXBuildFile; fileRef = 9BFE324A24EAB15D00233F4C /* ViewModelFactory.swift */; };
		9BFE324E24EAB32600233F4C /* UIViewController.swift in Sources */ = {isa = PBXBuildFile; fileRef = 9BFE324D24EAB32600233F4C /* UIViewController.swift */; };
		9BFE325624EACAE000233F4C /* DataUsageTests.swift in Sources */ = {isa = PBXBuildFile; fileRef = 9BFE325524EACAE000233F4C /* DataUsageTests.swift */; };
		9BFE326424EACAED00233F4C /* DataUsageUITests.swift in Sources */ = {isa = PBXBuildFile; fileRef = 9BFE326324EACAED00233F4C /* DataUsageUITests.swift */; };
		9BFE326C24EACB8800233F4C /* DataUsageViewModelTests.swift in Sources */ = {isa = PBXBuildFile; fileRef = 9BFE326B24EACB8800233F4C /* DataUsageViewModelTests.swift */; };
		9BFE326E24EACB9A00233F4C /* DataUsageViewControllerTests.swift in Sources */ = {isa = PBXBuildFile; fileRef = 9BFE326D24EACB9A00233F4C /* DataUsageViewControllerTests.swift */; };
		9BFE327024EACBB000233F4C /* DataBaseServiceTests.swift in Sources */ = {isa = PBXBuildFile; fileRef = 9BFE326F24EACBB000233F4C /* DataBaseServiceTests.swift */; };
		9BFE327224EACBC800233F4C /* NetworkServiceTests.swift in Sources */ = {isa = PBXBuildFile; fileRef = 9BFE327124EACBC800233F4C /* NetworkServiceTests.swift */; };
		9BFE327424EACBE400233F4C /* MocHelper.swift in Sources */ = {isa = PBXBuildFile; fileRef = 9BFE327324EACBE400233F4C /* MocHelper.swift */; };
		9BFE327924EACEE900233F4C /* DataUsage.json in Resources */ = {isa = PBXBuildFile; fileRef = 9BFE327824EACEE900233F4C /* DataUsage.json */; };
		9BFE327F24EAD58700233F4C /* ParsingError.json in Resources */ = {isa = PBXBuildFile; fileRef = 9BFE327D24EAD51000233F4C /* ParsingError.json */; };
		F5588B3EDAC8D109751D4449 /* Pods_DataUsage.framework in Frameworks */ = {isa = PBXBuildFile; fileRef = B9CC62A950E4D32C791662E8 /* Pods_DataUsage.framework */; };
/* End PBXBuildFile section */

/* Begin PBXContainerItemProxy section */
		9BFE325824EACAE000233F4C /* PBXContainerItemProxy */ = {
			isa = PBXContainerItemProxy;
			containerPortal = 9BFE31E624EA5CA200233F4C /* Project object */;
			proxyType = 1;
			remoteGlobalIDString = 9BFE31ED24EA5CA200233F4C;
			remoteInfo = DataUsage;
		};
		9BFE326624EACAED00233F4C /* PBXContainerItemProxy */ = {
			isa = PBXContainerItemProxy;
			containerPortal = 9BFE31E624EA5CA200233F4C /* Project object */;
			proxyType = 1;
			remoteGlobalIDString = 9BFE31ED24EA5CA200233F4C;
			remoteInfo = DataUsage;
		};
/* End PBXContainerItemProxy section */

/* Begin PBXFileReference section */
		64914E9586BB9E33259386FD /* Pods-DataUsage.release.xcconfig */ = {isa = PBXFileReference; includeInIndex = 1; lastKnownFileType = text.xcconfig; name = "Pods-DataUsage.release.xcconfig"; path = "Target Support Files/Pods-DataUsage/Pods-DataUsage.release.xcconfig"; sourceTree = "<group>"; };
		96C1B8E874A76AB045A65468 /* Pods-DataUsageTests.release.xcconfig */ = {isa = PBXFileReference; includeInIndex = 1; lastKnownFileType = text.xcconfig; name = "Pods-DataUsageTests.release.xcconfig"; path = "Target Support Files/Pods-DataUsageTests/Pods-DataUsageTests.release.xcconfig"; sourceTree = "<group>"; };
		9BFE31EE24EA5CA200233F4C /* DataUsage.app */ = {isa = PBXFileReference; explicitFileType = wrapper.application; includeInIndex = 0; path = DataUsage.app; sourceTree = BUILT_PRODUCTS_DIR; };
		9BFE31F124EA5CA200233F4C /* AppDelegate.swift */ = {isa = PBXFileReference; lastKnownFileType = sourcecode.swift; path = AppDelegate.swift; sourceTree = "<group>"; };
		9BFE31F824EA5CA200233F4C /* Base */ = {isa = PBXFileReference; lastKnownFileType = file.storyboard; name = Base; path = Base.lproj/Main.storyboard; sourceTree = "<group>"; };
		9BFE31FA24EA5CA700233F4C /* Assets.xcassets */ = {isa = PBXFileReference; lastKnownFileType = folder.assetcatalog; path = Assets.xcassets; sourceTree = "<group>"; };
		9BFE31FD24EA5CA700233F4C /* Base */ = {isa = PBXFileReference; lastKnownFileType = file.storyboard; name = Base; path = Base.lproj/LaunchScreen.storyboard; sourceTree = "<group>"; };
		9BFE31FF24EA5CA700233F4C /* Info.plist */ = {isa = PBXFileReference; lastKnownFileType = text.plist.xml; path = Info.plist; sourceTree = "<group>"; };
		9BFE320924EA604800233F4C /* DataUsageViewController.swift */ = {isa = PBXFileReference; lastKnownFileType = sourcecode.swift; path = DataUsageViewController.swift; sourceTree = "<group>"; };
		9BFE320B24EA60EE00233F4C /* DataUsageViewModel.swift */ = {isa = PBXFileReference; lastKnownFileType = sourcecode.swift; path = DataUsageViewModel.swift; sourceTree = "<group>"; };
		9BFE320E24EA67A600233F4C /* DataUsageTableViewCell.swift */ = {isa = PBXFileReference; lastKnownFileType = sourcecode.swift; path = DataUsageTableViewCell.swift; sourceTree = "<group>"; };
		9BFE321024EA67EF00233F4C /* DataUsageTableViewCell.xib */ = {isa = PBXFileReference; lastKnownFileType = file.xib; path = DataUsageTableViewCell.xib; sourceTree = "<group>"; };
		9BFE321324EA68A800233F4C /* SectionHeaderView.xib */ = {isa = PBXFileReference; lastKnownFileType = file.xib; path = SectionHeaderView.xib; sourceTree = "<group>"; };
		9BFE321524EA691D00233F4C /* SectionHeaderView.swift */ = {isa = PBXFileReference; lastKnownFileType = sourcecode.swift; path = SectionHeaderView.swift; sourceTree = "<group>"; };
		9BFE321C24EA995800233F4C /* DataUsageRequestDTO.swift */ = {isa = PBXFileReference; lastKnownFileType = sourcecode.swift; path = DataUsageRequestDTO.swift; sourceTree = "<group>"; };
		9BFE321E24EA999700233F4C /* APIError.swift */ = {isa = PBXFileReference; lastKnownFileType = sourcecode.swift; path = APIError.swift; sourceTree = "<group>"; };
		9BFE322024EA99CA00233F4C /* Alamofire+Codable.swift */ = {isa = PBXFileReference; lastKnownFileType = sourcecode.swift; path = "Alamofire+Codable.swift"; sourceTree = "<group>"; };
		9BFE322224EA9A5900233F4C /* DataUsageNetworkService.swift */ = {isa = PBXFileReference; lastKnownFileType = sourcecode.swift; path = DataUsageNetworkService.swift; sourceTree = "<group>"; };
		9BFE322524EA9AF200233F4C /* Configuration.swift */ = {isa = PBXFileReference; lastKnownFileType = sourcecode.swift; path = Configuration.swift; sourceTree = "<group>"; };
		9BFE322724EA9B1100233F4C /* WebServiceConstant.swift */ = {isa = PBXFileReference; lastKnownFileType = sourcecode.swift; path = WebServiceConstant.swift; sourceTree = "<group>"; };
		9BFE322A24EA9B6800233F4C /* Fields.swift */ = {isa = PBXFileReference; lastKnownFileType = sourcecode.swift; path = Fields.swift; sourceTree = "<group>"; };
		9BFE322C24EA9B8F00233F4C /* YearlyDataUsage.swift */ = {isa = PBXFileReference; lastKnownFileType = sourcecode.swift; path = YearlyDataUsage.swift; sourceTree = "<group>"; };
		9BFE322E24EA9BA900233F4C /* Links.swift */ = {isa = PBXFileReference; lastKnownFileType = sourcecode.swift; path = Links.swift; sourceTree = "<group>"; };
		9BFE323024EA9BF200233F4C /* ResultData.swift */ = {isa = PBXFileReference; lastKnownFileType = sourcecode.swift; path = ResultData.swift; sourceTree = "<group>"; };
		9BFE323224EA9C0400233F4C /* Records.swift */ = {isa = PBXFileReference; lastKnownFileType = sourcecode.swift; path = Records.swift; sourceTree = "<group>"; };
		9BFE323424EA9D9000233F4C /* DataUsageResponseDTO.swift */ = {isa = PBXFileReference; lastKnownFileType = sourcecode.swift; path = DataUsageResponseDTO.swift; sourceTree = "<group>"; };
		9BFE323724EAA77300233F4C /* HelperUtility.swift */ = {isa = PBXFileReference; lastKnownFileType = sourcecode.swift; path = HelperUtility.swift; sourceTree = "<group>"; };
		9BFE323A24EAAE9500233F4C /* DataUsageDBService.swift */ = {isa = PBXFileReference; lastKnownFileType = sourcecode.swift; path = DataUsageDBService.swift; sourceTree = "<group>"; };
		9BFE323C24EAAEA300233F4C /* DataBaseHandler.swift */ = {isa = PBXFileReference; lastKnownFileType = sourcecode.swift; path = DataBaseHandler.swift; sourceTree = "<group>"; };
		9BFE323F24EAAEE600233F4C /* DataUsage.xcdatamodel */ = {isa = PBXFileReference; lastKnownFileType = wrapper.xcdatamodel; path = DataUsage.xcdatamodel; sourceTree = "<group>"; };
		9BFE324224EAAF9700233F4C /* QuarterEntity+CoreDataClass.swift */ = {isa = PBXFileReference; lastKnownFileType = sourcecode.swift; path = "QuarterEntity+CoreDataClass.swift"; sourceTree = "<group>"; };
		9BFE324324EAAF9700233F4C /* QuarterEntity+CoreDataProperties.swift */ = {isa = PBXFileReference; lastKnownFileType = sourcecode.swift; path = "QuarterEntity+CoreDataProperties.swift"; sourceTree = "<group>"; };
		9BFE324624EAB01600233F4C /* DataUsageDataProvider.swift */ = {isa = PBXFileReference; lastKnownFileType = sourcecode.swift; path = DataUsageDataProvider.swift; sourceTree = "<group>"; };
		9BFE324A24EAB15D00233F4C /* ViewModelFactory.swift */ = {isa = PBXFileReference; lastKnownFileType = sourcecode.swift; path = ViewModelFactory.swift; sourceTree = "<group>"; };
		9BFE324D24EAB32600233F4C /* UIViewController.swift */ = {isa = PBXFileReference; lastKnownFileType = sourcecode.swift; path = UIViewController.swift; sourceTree = "<group>"; };
		9BFE325324EACAE000233F4C /* DataUsageTests.xctest */ = {isa = PBXFileReference; explicitFileType = wrapper.cfbundle; includeInIndex = 0; path = DataUsageTests.xctest; sourceTree = BUILT_PRODUCTS_DIR; };
		9BFE325524EACAE000233F4C /* DataUsageTests.swift */ = {isa = PBXFileReference; lastKnownFileType = sourcecode.swift; path = DataUsageTests.swift; sourceTree = "<group>"; };
		9BFE325724EACAE000233F4C /* Info.plist */ = {isa = PBXFileReference; lastKnownFileType = text.plist.xml; path = Info.plist; sourceTree = "<group>"; };
		9BFE326124EACAED00233F4C /* DataUsageUITests.xctest */ = {isa = PBXFileReference; explicitFileType = wrapper.cfbundle; includeInIndex = 0; path = DataUsageUITests.xctest; sourceTree = BUILT_PRODUCTS_DIR; };
		9BFE326324EACAED00233F4C /* DataUsageUITests.swift */ = {isa = PBXFileReference; lastKnownFileType = sourcecode.swift; path = DataUsageUITests.swift; sourceTree = "<group>"; };
		9BFE326524EACAED00233F4C /* Info.plist */ = {isa = PBXFileReference; lastKnownFileType = text.plist.xml; path = Info.plist; sourceTree = "<group>"; };
		9BFE326B24EACB8800233F4C /* DataUsageViewModelTests.swift */ = {isa = PBXFileReference; lastKnownFileType = sourcecode.swift; path = DataUsageViewModelTests.swift; sourceTree = "<group>"; };
		9BFE326D24EACB9A00233F4C /* DataUsageViewControllerTests.swift */ = {isa = PBXFileReference; lastKnownFileType = sourcecode.swift; path = DataUsageViewControllerTests.swift; sourceTree = "<group>"; };
		9BFE326F24EACBB000233F4C /* DataBaseServiceTests.swift */ = {isa = PBXFileReference; lastKnownFileType = sourcecode.swift; path = DataBaseServiceTests.swift; sourceTree = "<group>"; };
		9BFE327124EACBC800233F4C /* NetworkServiceTests.swift */ = {isa = PBXFileReference; lastKnownFileType = sourcecode.swift; path = NetworkServiceTests.swift; sourceTree = "<group>"; };
		9BFE327324EACBE400233F4C /* MocHelper.swift */ = {isa = PBXFileReference; lastKnownFileType = sourcecode.swift; path = MocHelper.swift; sourceTree = "<group>"; };
		9BFE327824EACEE900233F4C /* DataUsage.json */ = {isa = PBXFileReference; lastKnownFileType = text.json; path = DataUsage.json; sourceTree = "<group>"; };
		9BFE327D24EAD51000233F4C /* ParsingError.json */ = {isa = PBXFileReference; lastKnownFileType = text.json; path = ParsingError.json; sourceTree = "<group>"; };
		AEC3C2A476D738748A5460FF /* Pods-DataUsageTests.debug.xcconfig */ = {isa = PBXFileReference; includeInIndex = 1; lastKnownFileType = text.xcconfig; name = "Pods-DataUsageTests.debug.xcconfig"; path = "Target Support Files/Pods-DataUsageTests/Pods-DataUsageTests.debug.xcconfig"; sourceTree = "<group>"; };
		B00BD12627275AA0D522A29D /* Pods-DataUsage.debug.xcconfig */ = {isa = PBXFileReference; includeInIndex = 1; lastKnownFileType = text.xcconfig; name = "Pods-DataUsage.debug.xcconfig"; path = "Target Support Files/Pods-DataUsage/Pods-DataUsage.debug.xcconfig"; sourceTree = "<group>"; };
		B9CC62A950E4D32C791662E8 /* Pods_DataUsage.framework */ = {isa = PBXFileReference; explicitFileType = wrapper.framework; includeInIndex = 0; path = Pods_DataUsage.framework; sourceTree = BUILT_PRODUCTS_DIR; };
		DEC79BBE369CB56E5C9F0644 /* Pods_DataUsageTests.framework */ = {isa = PBXFileReference; explicitFileType = wrapper.framework; includeInIndex = 0; path = Pods_DataUsageTests.framework; sourceTree = BUILT_PRODUCTS_DIR; };
/* End PBXFileReference section */

/* Begin PBXFrameworksBuildPhase section */
		9BFE31EB24EA5CA200233F4C /* Frameworks */ = {
			isa = PBXFrameworksBuildPhase;
			buildActionMask = 2147483647;
			files = (
				F5588B3EDAC8D109751D4449 /* Pods_DataUsage.framework in Frameworks */,
			);
			runOnlyForDeploymentPostprocessing = 0;
		};
		9BFE325024EACAE000233F4C /* Frameworks */ = {
			isa = PBXFrameworksBuildPhase;
			buildActionMask = 2147483647;
			files = (
				771CAB7D49173ADA3AC2AAFA /* Pods_DataUsageTests.framework in Frameworks */,
			);
			runOnlyForDeploymentPostprocessing = 0;
		};
		9BFE325E24EACAED00233F4C /* Frameworks */ = {
			isa = PBXFrameworksBuildPhase;
			buildActionMask = 2147483647;
			files = (
			);
			runOnlyForDeploymentPostprocessing = 0;
		};
/* End PBXFrameworksBuildPhase section */

/* Begin PBXGroup section */
		31717A1B4DA97A91754DF8D3 /* Pods */ = {
			isa = PBXGroup;
			children = (
				B00BD12627275AA0D522A29D /* Pods-DataUsage.debug.xcconfig */,
				64914E9586BB9E33259386FD /* Pods-DataUsage.release.xcconfig */,
				AEC3C2A476D738748A5460FF /* Pods-DataUsageTests.debug.xcconfig */,
				96C1B8E874A76AB045A65468 /* Pods-DataUsageTests.release.xcconfig */,
			);
			path = Pods;
			sourceTree = "<group>";
		};
		9BFE31E524EA5CA200233F4C = {
			isa = PBXGroup;
			children = (
				9BFE31F024EA5CA200233F4C /* DataUsage */,
				9BFE325424EACAE000233F4C /* DataUsageTests */,
				9BFE326224EACAED00233F4C /* DataUsageUITests */,
				9BFE31EF24EA5CA200233F4C /* Products */,
				31717A1B4DA97A91754DF8D3 /* Pods */,
				E66D4BEA1CF0E92EB0B2F8AF /* Frameworks */,
			);
			sourceTree = "<group>";
		};
		9BFE31EF24EA5CA200233F4C /* Products */ = {
			isa = PBXGroup;
			children = (
				9BFE31EE24EA5CA200233F4C /* DataUsage.app */,
				9BFE325324EACAE000233F4C /* DataUsageTests.xctest */,
				9BFE326124EACAED00233F4C /* DataUsageUITests.xctest */,
			);
			name = Products;
			sourceTree = "<group>";
		};
		9BFE31F024EA5CA200233F4C /* DataUsage */ = {
			isa = PBXGroup;
			children = (
				9BFE324C24EAB30F00233F4C /* Extension */,
				9BFE324924EAB14400233F4C /* Factory */,
				9BFE323624EAA75C00233F4C /* Helper */,
				9BFE322424EA9ADD00233F4C /* Configuration */,
				9BFE321724EA983A00233F4C /* Services */,
				9BFE320824EA5F7E00233F4C /* Storyboards */,
				9BFE320724EA5F7700233F4C /* Resources */,
				9BFE320624EA5EC800233F4C /* CustomUI */,
				9BFE320524EA5E9C00233F4C /* DataUsageScenes */,
				9BFE31F124EA5CA200233F4C /* AppDelegate.swift */,
				9BFE31FF24EA5CA700233F4C /* Info.plist */,
			);
			path = DataUsage;
			sourceTree = "<group>";
		};
		9BFE320524EA5E9C00233F4C /* DataUsageScenes */ = {
			isa = PBXGroup;
			children = (
				9BFE322924EA9B3F00233F4C /* Model */,
				9BFE320924EA604800233F4C /* DataUsageViewController.swift */,
				9BFE320B24EA60EE00233F4C /* DataUsageViewModel.swift */,
			);
			path = DataUsageScenes;
			sourceTree = "<group>";
		};
		9BFE320624EA5EC800233F4C /* CustomUI */ = {
			isa = PBXGroup;
			children = (
				9BFE321224EA688A00233F4C /* SectionHeader */,
				9BFE320D24EA678100233F4C /* Cells */,
			);
			path = CustomUI;
			sourceTree = "<group>";
		};
		9BFE320724EA5F7700233F4C /* Resources */ = {
			isa = PBXGroup;
			children = (
				9BFE31FA24EA5CA700233F4C /* Assets.xcassets */,
				9BFE323E24EAAEE600233F4C /* DataUsage.xcdatamodeld */,
			);
			path = Resources;
			sourceTree = "<group>";
		};
		9BFE320824EA5F7E00233F4C /* Storyboards */ = {
			isa = PBXGroup;
			children = (
				9BFE31F724EA5CA200233F4C /* Main.storyboard */,
				9BFE31FC24EA5CA700233F4C /* LaunchScreen.storyboard */,
			);
			path = Storyboards;
			sourceTree = "<group>";
		};
		9BFE320D24EA678100233F4C /* Cells */ = {
			isa = PBXGroup;
			children = (
				9BFE320E24EA67A600233F4C /* DataUsageTableViewCell.swift */,
				9BFE321024EA67EF00233F4C /* DataUsageTableViewCell.xib */,
			);
			path = Cells;
			sourceTree = "<group>";
		};
		9BFE321224EA688A00233F4C /* SectionHeader */ = {
			isa = PBXGroup;
			children = (
				9BFE321324EA68A800233F4C /* SectionHeaderView.xib */,
				9BFE321524EA691D00233F4C /* SectionHeaderView.swift */,
			);
			path = SectionHeader;
			sourceTree = "<group>";
		};
		9BFE321724EA983A00233F4C /* Services */ = {
			isa = PBXGroup;
			children = (
				9BFE323924EAAE0100233F4C /* Database */,
				9BFE321824EA984D00233F4C /* Network */,
				9BFE324624EAB01600233F4C /* DataUsageDataProvider.swift */,
			);
			path = Services;
			sourceTree = "<group>";
		};
		9BFE321824EA984D00233F4C /* Network */ = {
			isa = PBXGroup;
			children = (
				9BFE321B24EA986700233F4C /* Extension */,
				9BFE321A24EA986200233F4C /* Error */,
				9BFE321924EA985800233F4C /* RequestDTO */,
				9BFE322224EA9A5900233F4C /* DataUsageNetworkService.swift */,
				9BFE322724EA9B1100233F4C /* WebServiceConstant.swift */,
			);
			path = Network;
			sourceTree = "<group>";
		};
		9BFE321924EA985800233F4C /* RequestDTO */ = {
			isa = PBXGroup;
			children = (
				9BFE321C24EA995800233F4C /* DataUsageRequestDTO.swift */,
			);
			path = RequestDTO;
			sourceTree = "<group>";
		};
		9BFE321A24EA986200233F4C /* Error */ = {
			isa = PBXGroup;
			children = (
				9BFE321E24EA999700233F4C /* APIError.swift */,
			);
			path = Error;
			sourceTree = "<group>";
		};
		9BFE321B24EA986700233F4C /* Extension */ = {
			isa = PBXGroup;
			children = (
				9BFE322024EA99CA00233F4C /* Alamofire+Codable.swift */,
			);
			path = Extension;
			sourceTree = "<group>";
		};
		9BFE322424EA9ADD00233F4C /* Configuration */ = {
			isa = PBXGroup;
			children = (
				9BFE322524EA9AF200233F4C /* Configuration.swift */,
			);
			path = Configuration;
			sourceTree = "<group>";
		};
		9BFE322924EA9B3F00233F4C /* Model */ = {
			isa = PBXGroup;
			children = (
				9BFE322A24EA9B6800233F4C /* Fields.swift */,
				9BFE322C24EA9B8F00233F4C /* YearlyDataUsage.swift */,
				9BFE322E24EA9BA900233F4C /* Links.swift */,
				9BFE323024EA9BF200233F4C /* ResultData.swift */,
				9BFE323224EA9C0400233F4C /* Records.swift */,
				9BFE323424EA9D9000233F4C /* DataUsageResponseDTO.swift */,
			);
			path = Model;
			sourceTree = "<group>";
		};
		9BFE323624EAA75C00233F4C /* Helper */ = {
			isa = PBXGroup;
			children = (
				9BFE323724EAA77300233F4C /* HelperUtility.swift */,
			);
			path = Helper;
			sourceTree = "<group>";
		};
		9BFE323924EAAE0100233F4C /* Database */ = {
			isa = PBXGroup;
			children = (
				9BFE324124EAAF3300233F4C /* Models */,
				9BFE323A24EAAE9500233F4C /* DataUsageDBService.swift */,
				9BFE323C24EAAEA300233F4C /* DataBaseHandler.swift */,
			);
			path = Database;
			sourceTree = "<group>";
		};
		9BFE324124EAAF3300233F4C /* Models */ = {
			isa = PBXGroup;
			children = (
				9BFE324224EAAF9700233F4C /* QuarterEntity+CoreDataClass.swift */,
				9BFE324324EAAF9700233F4C /* QuarterEntity+CoreDataProperties.swift */,
			);
			path = Models;
			sourceTree = "<group>";
		};
		9BFE324924EAB14400233F4C /* Factory */ = {
			isa = PBXGroup;
			children = (
				9BFE324A24EAB15D00233F4C /* ViewModelFactory.swift */,
			);
			path = Factory;
			sourceTree = "<group>";
		};
		9BFE324C24EAB30F00233F4C /* Extension */ = {
			isa = PBXGroup;
			children = (
				9BFE324D24EAB32600233F4C /* UIViewController.swift */,
			);
			path = Extension;
			sourceTree = "<group>";
		};
		9BFE325424EACAE000233F4C /* DataUsageTests */ = {
			isa = PBXGroup;
			children = (
				9BFE327524EACDC900233F4C /* MocData */,
				9BFE325524EACAE000233F4C /* DataUsageTests.swift */,
				9BFE325724EACAE000233F4C /* Info.plist */,
				9BFE326B24EACB8800233F4C /* DataUsageViewModelTests.swift */,
				9BFE326D24EACB9A00233F4C /* DataUsageViewControllerTests.swift */,
				9BFE326F24EACBB000233F4C /* DataBaseServiceTests.swift */,
				9BFE327124EACBC800233F4C /* NetworkServiceTests.swift */,
				9BFE327324EACBE400233F4C /* MocHelper.swift */,
			);
			path = DataUsageTests;
			sourceTree = "<group>";
		};
		9BFE326224EACAED00233F4C /* DataUsageUITests */ = {
			isa = PBXGroup;
			children = (
				9BFE326324EACAED00233F4C /* DataUsageUITests.swift */,
				9BFE326524EACAED00233F4C /* Info.plist */,
			);
			path = DataUsageUITests;
			sourceTree = "<group>";
		};
		9BFE327524EACDC900233F4C /* MocData */ = {
			isa = PBXGroup;
			children = (
				9BFE327824EACEE900233F4C /* DataUsage.json */,
				9BFE327D24EAD51000233F4C /* ParsingError.json */,
			);
			path = MocData;
			sourceTree = "<group>";
		};
		E66D4BEA1CF0E92EB0B2F8AF /* Frameworks */ = {
			isa = PBXGroup;
			children = (
				B9CC62A950E4D32C791662E8 /* Pods_DataUsage.framework */,
				DEC79BBE369CB56E5C9F0644 /* Pods_DataUsageTests.framework */,
			);
			name = Frameworks;
			sourceTree = "<group>";
		};
/* End PBXGroup section */

/* Begin PBXNativeTarget section */
		9BFE31ED24EA5CA200233F4C /* DataUsage */ = {
			isa = PBXNativeTarget;
			buildConfigurationList = 9BFE320224EA5CA700233F4C /* Build configuration list for PBXNativeTarget "DataUsage" */;
			buildPhases = (
				E99D13E9268AD2BD2C224F4B /* [CP] Check Pods Manifest.lock */,
				9BFE31EA24EA5CA200233F4C /* Sources */,
				9BFE31EB24EA5CA200233F4C /* Frameworks */,
				9BFE31EC24EA5CA200233F4C /* Resources */,
				8D56F543F782ABD09F20AA42 /* [CP] Embed Pods Frameworks */,
			);
			buildRules = (
			);
			dependencies = (
			);
			name = DataUsage;
			productName = DataUsage;
			productReference = 9BFE31EE24EA5CA200233F4C /* DataUsage.app */;
			productType = "com.apple.product-type.application";
		};
		9BFE325224EACAE000233F4C /* DataUsageTests */ = {
			isa = PBXNativeTarget;
			buildConfigurationList = 9BFE325C24EACAE000233F4C /* Build configuration list for PBXNativeTarget "DataUsageTests" */;
			buildPhases = (
				12394AE70FCD6B9398585D65 /* [CP] Check Pods Manifest.lock */,
				9BFE324F24EACAE000233F4C /* Sources */,
				9BFE325024EACAE000233F4C /* Frameworks */,
				9BFE325124EACAE000233F4C /* Resources */,
				4E803E439C8625EEB51A4462 /* [CP] Embed Pods Frameworks */,
			);
			buildRules = (
			);
			dependencies = (
				9BFE325924EACAE000233F4C /* PBXTargetDependency */,
			);
			name = DataUsageTests;
			productName = DataUsageTests;
			productReference = 9BFE325324EACAE000233F4C /* DataUsageTests.xctest */;
			productType = "com.apple.product-type.bundle.unit-test";
		};
		9BFE326024EACAED00233F4C /* DataUsageUITests */ = {
			isa = PBXNativeTarget;
			buildConfigurationList = 9BFE326824EACAED00233F4C /* Build configuration list for PBXNativeTarget "DataUsageUITests" */;
			buildPhases = (
				9BFE325D24EACAED00233F4C /* Sources */,
				9BFE325E24EACAED00233F4C /* Frameworks */,
				9BFE325F24EACAED00233F4C /* Resources */,
			);
			buildRules = (
			);
			dependencies = (
				9BFE326724EACAED00233F4C /* PBXTargetDependency */,
			);
			name = DataUsageUITests;
			productName = DataUsageUITests;
			productReference = 9BFE326124EACAED00233F4C /* DataUsageUITests.xctest */;
			productType = "com.apple.product-type.bundle.ui-testing";
		};
/* End PBXNativeTarget section */

/* Begin PBXProject section */
		9BFE31E624EA5CA200233F4C /* Project object */ = {
			isa = PBXProject;
			attributes = {
				LastSwiftUpdateCheck = 1150;
				LastUpgradeCheck = 1150;
				ORGANIZATIONNAME = "Perennial System";
				TargetAttributes = {
					9BFE31ED24EA5CA200233F4C = {
						CreatedOnToolsVersion = 11.5;
					};
					9BFE325224EACAE000233F4C = {
						CreatedOnToolsVersion = 11.5;
						TestTargetID = 9BFE31ED24EA5CA200233F4C;
					};
					9BFE326024EACAED00233F4C = {
						CreatedOnToolsVersion = 11.5;
						TestTargetID = 9BFE31ED24EA5CA200233F4C;
					};
				};
			};
			buildConfigurationList = 9BFE31E924EA5CA200233F4C /* Build configuration list for PBXProject "DataUsage" */;
			compatibilityVersion = "Xcode 9.3";
			developmentRegion = en;
			hasScannedForEncodings = 0;
			knownRegions = (
				en,
				Base,
			);
			mainGroup = 9BFE31E524EA5CA200233F4C;
			productRefGroup = 9BFE31EF24EA5CA200233F4C /* Products */;
			projectDirPath = "";
			projectRoot = "";
			targets = (
				9BFE31ED24EA5CA200233F4C /* DataUsage */,
				9BFE325224EACAE000233F4C /* DataUsageTests */,
				9BFE326024EACAED00233F4C /* DataUsageUITests */,
			);
		};
/* End PBXProject section */

/* Begin PBXResourcesBuildPhase section */
		9BFE31EC24EA5CA200233F4C /* Resources */ = {
			isa = PBXResourcesBuildPhase;
			buildActionMask = 2147483647;
			files = (
				9BFE31FE24EA5CA700233F4C /* LaunchScreen.storyboard in Resources */,
				9BFE321124EA67EF00233F4C /* DataUsageTableViewCell.xib in Resources */,
				9BFE321424EA68A800233F4C /* SectionHeaderView.xib in Resources */,
				9BFE31FB24EA5CA700233F4C /* Assets.xcassets in Resources */,
				9BFE31F924EA5CA200233F4C /* Main.storyboard in Resources */,
			);
			runOnlyForDeploymentPostprocessing = 0;
		};
		9BFE325124EACAE000233F4C /* Resources */ = {
			isa = PBXResourcesBuildPhase;
			buildActionMask = 2147483647;
			files = (
				9BFE327924EACEE900233F4C /* DataUsage.json in Resources */,
				9BFE327F24EAD58700233F4C /* ParsingError.json in Resources */,
			);
			runOnlyForDeploymentPostprocessing = 0;
		};
		9BFE325F24EACAED00233F4C /* Resources */ = {
			isa = PBXResourcesBuildPhase;
			buildActionMask = 2147483647;
			files = (
			);
			runOnlyForDeploymentPostprocessing = 0;
		};
/* End PBXResourcesBuildPhase section */

/* Begin PBXShellScriptBuildPhase section */
		12394AE70FCD6B9398585D65 /* [CP] Check Pods Manifest.lock */ = {
			isa = PBXShellScriptBuildPhase;
			buildActionMask = 2147483647;
			files = (
			);
			inputFileListPaths = (
			);
			inputPaths = (
				"${PODS_PODFILE_DIR_PATH}/Podfile.lock",
				"${PODS_ROOT}/Manifest.lock",
			);
			name = "[CP] Check Pods Manifest.lock";
			outputFileListPaths = (
			);
			outputPaths = (
				"$(DERIVED_FILE_DIR)/Pods-DataUsageTests-checkManifestLockResult.txt",
			);
			runOnlyForDeploymentPostprocessing = 0;
			shellPath = /bin/sh;
			shellScript = "diff \"${PODS_PODFILE_DIR_PATH}/Podfile.lock\" \"${PODS_ROOT}/Manifest.lock\" > /dev/null\nif [ $? != 0 ] ; then\n    # print error to STDERR\n    echo \"error: The sandbox is not in sync with the Podfile.lock. Run 'pod install' or update your CocoaPods installation.\" >&2\n    exit 1\nfi\n# This output is used by Xcode 'outputs' to avoid re-running this script phase.\necho \"SUCCESS\" > \"${SCRIPT_OUTPUT_FILE_0}\"\n";
			showEnvVarsInLog = 0;
		};
		4E803E439C8625EEB51A4462 /* [CP] Embed Pods Frameworks */ = {
			isa = PBXShellScriptBuildPhase;
			buildActionMask = 2147483647;
			files = (
			);
			inputFileListPaths = (
				"${PODS_ROOT}/Target Support Files/Pods-DataUsageTests/Pods-DataUsageTests-frameworks-${CONFIGURATION}-input-files.xcfilelist",
			);
			name = "[CP] Embed Pods Frameworks";
			outputFileListPaths = (
				"${PODS_ROOT}/Target Support Files/Pods-DataUsageTests/Pods-DataUsageTests-frameworks-${CONFIGURATION}-output-files.xcfilelist",
			);
			runOnlyForDeploymentPostprocessing = 0;
			shellPath = /bin/sh;
			shellScript = "\"${PODS_ROOT}/Target Support Files/Pods-DataUsageTests/Pods-DataUsageTests-frameworks.sh\"\n";
			showEnvVarsInLog = 0;
		};
		8D56F543F782ABD09F20AA42 /* [CP] Embed Pods Frameworks */ = {
			isa = PBXShellScriptBuildPhase;
			buildActionMask = 2147483647;
			files = (
			);
			inputFileListPaths = (
				"${PODS_ROOT}/Target Support Files/Pods-DataUsage/Pods-DataUsage-frameworks-${CONFIGURATION}-input-files.xcfilelist",
			);
			name = "[CP] Embed Pods Frameworks";
			outputFileListPaths = (
				"${PODS_ROOT}/Target Support Files/Pods-DataUsage/Pods-DataUsage-frameworks-${CONFIGURATION}-output-files.xcfilelist",
			);
			runOnlyForDeploymentPostprocessing = 0;
			shellPath = /bin/sh;
			shellScript = "\"${PODS_ROOT}/Target Support Files/Pods-DataUsage/Pods-DataUsage-frameworks.sh\"\n";
			showEnvVarsInLog = 0;
		};
		E99D13E9268AD2BD2C224F4B /* [CP] Check Pods Manifest.lock */ = {
			isa = PBXShellScriptBuildPhase;
			buildActionMask = 2147483647;
			files = (
			);
			inputFileListPaths = (
			);
			inputPaths = (
				"${PODS_PODFILE_DIR_PATH}/Podfile.lock",
				"${PODS_ROOT}/Manifest.lock",
			);
			name = "[CP] Check Pods Manifest.lock";
			outputFileListPaths = (
			);
			outputPaths = (
				"$(DERIVED_FILE_DIR)/Pods-DataUsage-checkManifestLockResult.txt",
			);
			runOnlyForDeploymentPostprocessing = 0;
			shellPath = /bin/sh;
			shellScript = "diff \"${PODS_PODFILE_DIR_PATH}/Podfile.lock\" \"${PODS_ROOT}/Manifest.lock\" > /dev/null\nif [ $? != 0 ] ; then\n    # print error to STDERR\n    echo \"error: The sandbox is not in sync with the Podfile.lock. Run 'pod install' or update your CocoaPods installation.\" >&2\n    exit 1\nfi\n# This output is used by Xcode 'outputs' to avoid re-running this script phase.\necho \"SUCCESS\" > \"${SCRIPT_OUTPUT_FILE_0}\"\n";
			showEnvVarsInLog = 0;
		};
/* End PBXShellScriptBuildPhase section */

/* Begin PBXSourcesBuildPhase section */
		9BFE31EA24EA5CA200233F4C /* Sources */ = {
			isa = PBXSourcesBuildPhase;
			buildActionMask = 2147483647;
			files = (
				9BFE323B24EAAE9500233F4C /* DataUsageDBService.swift in Sources */,
				9BFE324524EAAF9700233F4C /* QuarterEntity+CoreDataProperties.swift in Sources */,
				9BFE323824EAA77300233F4C /* HelperUtility.swift in Sources */,
				9BFE324B24EAB15D00233F4C /* ViewModelFactory.swift in Sources */,
				9BFE323524EA9D9000233F4C /* DataUsageResponseDTO.swift in Sources */,
				9BFE320A24EA604800233F4C /* DataUsageViewController.swift in Sources */,
				9BFE321D24EA995800233F4C /* DataUsageRequestDTO.swift in Sources */,
				9BFE31F224EA5CA200233F4C /* AppDelegate.swift in Sources */,
				9BFE322324EA9A5900233F4C /* DataUsageNetworkService.swift in Sources */,
				9BFE323D24EAAEA300233F4C /* DataBaseHandler.swift in Sources */,
				9BFE321624EA691D00233F4C /* SectionHeaderView.swift in Sources */,
				9BFE324824EAB12900233F4C /* DataUsageDataProvider.swift in Sources */,
				9BFE323124EA9BF200233F4C /* ResultData.swift in Sources */,
				9BFE320C24EA60EE00233F4C /* DataUsageViewModel.swift in Sources */,
				9BFE322B24EA9B6800233F4C /* Fields.swift in Sources */,
				9BFE322824EA9B1100233F4C /* WebServiceConstant.swift in Sources */,
				9BFE322D24EA9B8F00233F4C /* YearlyDataUsage.swift in Sources */,
				9BFE323324EA9C0400233F4C /* Records.swift in Sources */,
				9BFE322624EA9AF200233F4C /* Configuration.swift in Sources */,
				9BFE320F24EA67A600233F4C /* DataUsageTableViewCell.swift in Sources */,
				9BFE324E24EAB32600233F4C /* UIViewController.swift in Sources */,
				9BFE322F24EA9BA900233F4C /* Links.swift in Sources */,
				9BFE321F24EA999700233F4C /* APIError.swift in Sources */,
				9BFE322124EA99CA00233F4C /* Alamofire+Codable.swift in Sources */,
				9BFE324024EAAEE600233F4C /* DataUsage.xcdatamodeld in Sources */,
				9BFE324424EAAF9700233F4C /* QuarterEntity+CoreDataClass.swift in Sources */,
			);
			runOnlyForDeploymentPostprocessing = 0;
		};
		9BFE324F24EACAE000233F4C /* Sources */ = {
			isa = PBXSourcesBuildPhase;
			buildActionMask = 2147483647;
			files = (
				9BFE327224EACBC800233F4C /* NetworkServiceTests.swift in Sources */,
				9BFE326E24EACB9A00233F4C /* DataUsageViewControllerTests.swift in Sources */,
				9BFE326C24EACB8800233F4C /* DataUsageViewModelTests.swift in Sources */,
				9BFE327024EACBB000233F4C /* DataBaseServiceTests.swift in Sources */,
				9BFE325624EACAE000233F4C /* DataUsageTests.swift in Sources */,
				9BFE327424EACBE400233F4C /* MocHelper.swift in Sources */,
			);
			runOnlyForDeploymentPostprocessing = 0;
		};
		9BFE325D24EACAED00233F4C /* Sources */ = {
			isa = PBXSourcesBuildPhase;
			buildActionMask = 2147483647;
			files = (
				9BFE326424EACAED00233F4C /* DataUsageUITests.swift in Sources */,
			);
			runOnlyForDeploymentPostprocessing = 0;
		};
/* End PBXSourcesBuildPhase section */

/* Begin PBXTargetDependency section */
		9BFE325924EACAE000233F4C /* PBXTargetDependency */ = {
			isa = PBXTargetDependency;
			target = 9BFE31ED24EA5CA200233F4C /* DataUsage */;
			targetProxy = 9BFE325824EACAE000233F4C /* PBXContainerItemProxy */;
		};
		9BFE326724EACAED00233F4C /* PBXTargetDependency */ = {
			isa = PBXTargetDependency;
			target = 9BFE31ED24EA5CA200233F4C /* DataUsage */;
			targetProxy = 9BFE326624EACAED00233F4C /* PBXContainerItemProxy */;
		};
/* End PBXTargetDependency section */

/* Begin PBXVariantGroup section */
		9BFE31F724EA5CA200233F4C /* Main.storyboard */ = {
			isa = PBXVariantGroup;
			children = (
				9BFE31F824EA5CA200233F4C /* Base */,
			);
			name = Main.storyboard;
			sourceTree = "<group>";
		};
		9BFE31FC24EA5CA700233F4C /* LaunchScreen.storyboard */ = {
			isa = PBXVariantGroup;
			children = (
				9BFE31FD24EA5CA700233F4C /* Base */,
			);
			name = LaunchScreen.storyboard;
			sourceTree = "<group>";
		};
/* End PBXVariantGroup section */

/* Begin XCBuildConfiguration section */
		9BFE320024EA5CA700233F4C /* Debug */ = {
			isa = XCBuildConfiguration;
			buildSettings = {
				ALWAYS_SEARCH_USER_PATHS = NO;
				CLANG_ANALYZER_NONNULL = YES;
				CLANG_ANALYZER_NUMBER_OBJECT_CONVERSION = YES_AGGRESSIVE;
				CLANG_CXX_LANGUAGE_STANDARD = "gnu++14";
				CLANG_CXX_LIBRARY = "libc++";
				CLANG_ENABLE_MODULES = YES;
				CLANG_ENABLE_OBJC_ARC = YES;
				CLANG_ENABLE_OBJC_WEAK = YES;
				CLANG_WARN_BLOCK_CAPTURE_AUTORELEASING = YES;
				CLANG_WARN_BOOL_CONVERSION = YES;
				CLANG_WARN_COMMA = YES;
				CLANG_WARN_CONSTANT_CONVERSION = YES;
				CLANG_WARN_DEPRECATED_OBJC_IMPLEMENTATIONS = YES;
				CLANG_WARN_DIRECT_OBJC_ISA_USAGE = YES_ERROR;
				CLANG_WARN_DOCUMENTATION_COMMENTS = YES;
				CLANG_WARN_EMPTY_BODY = YES;
				CLANG_WARN_ENUM_CONVERSION = YES;
				CLANG_WARN_INFINITE_RECURSION = YES;
				CLANG_WARN_INT_CONVERSION = YES;
				CLANG_WARN_NON_LITERAL_NULL_CONVERSION = YES;
				CLANG_WARN_OBJC_IMPLICIT_RETAIN_SELF = YES;
				CLANG_WARN_OBJC_LITERAL_CONVERSION = YES;
				CLANG_WARN_OBJC_ROOT_CLASS = YES_ERROR;
				CLANG_WARN_RANGE_LOOP_ANALYSIS = YES;
				CLANG_WARN_STRICT_PROTOTYPES = YES;
				CLANG_WARN_SUSPICIOUS_MOVE = YES;
				CLANG_WARN_UNGUARDED_AVAILABILITY = YES_AGGRESSIVE;
				CLANG_WARN_UNREACHABLE_CODE = YES;
				CLANG_WARN__DUPLICATE_METHOD_MATCH = YES;
				COPY_PHASE_STRIP = NO;
				DEBUG_INFORMATION_FORMAT = dwarf;
				ENABLE_STRICT_OBJC_MSGSEND = YES;
				ENABLE_TESTABILITY = YES;
				GCC_C_LANGUAGE_STANDARD = gnu11;
				GCC_DYNAMIC_NO_PIC = NO;
				GCC_NO_COMMON_BLOCKS = YES;
				GCC_OPTIMIZATION_LEVEL = 0;
				GCC_PREPROCESSOR_DEFINITIONS = (
					"DEBUG=1",
					"$(inherited)",
				);
				GCC_WARN_64_TO_32_BIT_CONVERSION = YES;
				GCC_WARN_ABOUT_RETURN_TYPE = YES_ERROR;
				GCC_WARN_UNDECLARED_SELECTOR = YES;
				GCC_WARN_UNINITIALIZED_AUTOS = YES_AGGRESSIVE;
				GCC_WARN_UNUSED_FUNCTION = YES;
				GCC_WARN_UNUSED_VARIABLE = YES;
				IPHONEOS_DEPLOYMENT_TARGET = 13.5;
				MTL_ENABLE_DEBUG_INFO = INCLUDE_SOURCE;
				MTL_FAST_MATH = YES;
				ONLY_ACTIVE_ARCH = YES;
				SDKROOT = iphoneos;
				SWIFT_ACTIVE_COMPILATION_CONDITIONS = DEBUG;
				SWIFT_OPTIMIZATION_LEVEL = "-Onone";
			};
			name = Debug;
		};
		9BFE320124EA5CA700233F4C /* Release */ = {
			isa = XCBuildConfiguration;
			buildSettings = {
				ALWAYS_SEARCH_USER_PATHS = NO;
				CLANG_ANALYZER_NONNULL = YES;
				CLANG_ANALYZER_NUMBER_OBJECT_CONVERSION = YES_AGGRESSIVE;
				CLANG_CXX_LANGUAGE_STANDARD = "gnu++14";
				CLANG_CXX_LIBRARY = "libc++";
				CLANG_ENABLE_MODULES = YES;
				CLANG_ENABLE_OBJC_ARC = YES;
				CLANG_ENABLE_OBJC_WEAK = YES;
				CLANG_WARN_BLOCK_CAPTURE_AUTORELEASING = YES;
				CLANG_WARN_BOOL_CONVERSION = YES;
				CLANG_WARN_COMMA = YES;
				CLANG_WARN_CONSTANT_CONVERSION = YES;
				CLANG_WARN_DEPRECATED_OBJC_IMPLEMENTATIONS = YES;
				CLANG_WARN_DIRECT_OBJC_ISA_USAGE = YES_ERROR;
				CLANG_WARN_DOCUMENTATION_COMMENTS = YES;
				CLANG_WARN_EMPTY_BODY = YES;
				CLANG_WARN_ENUM_CONVERSION = YES;
				CLANG_WARN_INFINITE_RECURSION = YES;
				CLANG_WARN_INT_CONVERSION = YES;
				CLANG_WARN_NON_LITERAL_NULL_CONVERSION = YES;
				CLANG_WARN_OBJC_IMPLICIT_RETAIN_SELF = YES;
				CLANG_WARN_OBJC_LITERAL_CONVERSION = YES;
				CLANG_WARN_OBJC_ROOT_CLASS = YES_ERROR;
				CLANG_WARN_RANGE_LOOP_ANALYSIS = YES;
				CLANG_WARN_STRICT_PROTOTYPES = YES;
				CLANG_WARN_SUSPICIOUS_MOVE = YES;
				CLANG_WARN_UNGUARDED_AVAILABILITY = YES_AGGRESSIVE;
				CLANG_WARN_UNREACHABLE_CODE = YES;
				CLANG_WARN__DUPLICATE_METHOD_MATCH = YES;
				COPY_PHASE_STRIP = NO;
				DEBUG_INFORMATION_FORMAT = "dwarf-with-dsym";
				ENABLE_NS_ASSERTIONS = NO;
				ENABLE_STRICT_OBJC_MSGSEND = YES;
				GCC_C_LANGUAGE_STANDARD = gnu11;
				GCC_NO_COMMON_BLOCKS = YES;
				GCC_WARN_64_TO_32_BIT_CONVERSION = YES;
				GCC_WARN_ABOUT_RETURN_TYPE = YES_ERROR;
				GCC_WARN_UNDECLARED_SELECTOR = YES;
				GCC_WARN_UNINITIALIZED_AUTOS = YES_AGGRESSIVE;
				GCC_WARN_UNUSED_FUNCTION = YES;
				GCC_WARN_UNUSED_VARIABLE = YES;
				IPHONEOS_DEPLOYMENT_TARGET = 13.5;
				MTL_ENABLE_DEBUG_INFO = NO;
				MTL_FAST_MATH = YES;
				SDKROOT = iphoneos;
				SWIFT_COMPILATION_MODE = wholemodule;
				SWIFT_OPTIMIZATION_LEVEL = "-O";
				VALIDATE_PRODUCT = YES;
			};
			name = Release;
		};
		9BFE320324EA5CA700233F4C /* Debug */ = {
			isa = XCBuildConfiguration;
			baseConfigurationReference = B00BD12627275AA0D522A29D /* Pods-DataUsage.debug.xcconfig */;
			buildSettings = {
				ASSETCATALOG_COMPILER_APPICON_NAME = AppIcon;
				CODE_SIGN_STYLE = Automatic;
				DEVELOPMENT_TEAM = QAD9449BNE;
				INFOPLIST_FILE = DataUsage/Info.plist;
				LD_RUNPATH_SEARCH_PATHS = (
					"$(inherited)",
					"@executable_path/Frameworks",
				);
				PRODUCT_BUNDLE_IDENTIFIER = com.perennial.com.DataUsage;
				PRODUCT_NAME = "$(TARGET_NAME)";
				SWIFT_VERSION = 5.0;
				TARGETED_DEVICE_FAMILY = "1,2";
			};
			name = Debug;
		};
		9BFE320424EA5CA700233F4C /* Release */ = {
			isa = XCBuildConfiguration;
			baseConfigurationReference = 64914E9586BB9E33259386FD /* Pods-DataUsage.release.xcconfig */;
			buildSettings = {
				ASSETCATALOG_COMPILER_APPICON_NAME = AppIcon;
				CODE_SIGN_STYLE = Automatic;
				DEVELOPMENT_TEAM = QAD9449BNE;
				INFOPLIST_FILE = DataUsage/Info.plist;
				LD_RUNPATH_SEARCH_PATHS = (
					"$(inherited)",
					"@executable_path/Frameworks",
				);
				PRODUCT_BUNDLE_IDENTIFIER = com.perennial.com.DataUsage;
				PRODUCT_NAME = "$(TARGET_NAME)";
				SWIFT_VERSION = 5.0;
				TARGETED_DEVICE_FAMILY = "1,2";
			};
			name = Release;
		};
		9BFE325A24EACAE000233F4C /* Debug */ = {
			isa = XCBuildConfiguration;
			baseConfigurationReference = AEC3C2A476D738748A5460FF /* Pods-DataUsageTests.debug.xcconfig */;
			buildSettings = {
				BUNDLE_LOADER = "$(TEST_HOST)";
				CODE_SIGN_STYLE = Automatic;
				DEVELOPMENT_TEAM = QAD9449BNE;
				INFOPLIST_FILE = DataUsageTests/Info.plist;
				LD_RUNPATH_SEARCH_PATHS = (
					"$(inherited)",
					"@executable_path/Frameworks",
					"@loader_path/Frameworks",
				);
				PRODUCT_BUNDLE_IDENTIFIER = com.perennial.com.DataUsageTests;
				PRODUCT_NAME = "$(TARGET_NAME)";
				SWIFT_VERSION = 5.0;
				TARGETED_DEVICE_FAMILY = "1,2";
				TEST_HOST = "$(BUILT_PRODUCTS_DIR)/DataUsage.app/DataUsage";
			};
			name = Debug;
		};
		9BFE325B24EACAE000233F4C /* Release */ = {
			isa = XCBuildConfiguration;
			baseConfigurationReference = 96C1B8E874A76AB045A65468 /* Pods-DataUsageTests.release.xcconfig */;
			buildSettings = {
				BUNDLE_LOADER = "$(TEST_HOST)";
				CODE_SIGN_STYLE = Automatic;
				DEVELOPMENT_TEAM = QAD9449BNE;
				INFOPLIST_FILE = DataUsageTests/Info.plist;
				LD_RUNPATH_SEARCH_PATHS = (
					"$(inherited)",
					"@executable_path/Frameworks",
					"@loader_path/Frameworks",
				);
				PRODUCT_BUNDLE_IDENTIFIER = com.perennial.com.DataUsageTests;
				PRODUCT_NAME = "$(TARGET_NAME)";
				SWIFT_VERSION = 5.0;
				TARGETED_DEVICE_FAMILY = "1,2";
				TEST_HOST = "$(BUILT_PRODUCTS_DIR)/DataUsage.app/DataUsage";
			};
			name = Release;
		};
		9BFE326924EACAED00233F4C /* Debug */ = {
			isa = XCBuildConfiguration;
			buildSettings = {
				CODE_SIGN_STYLE = Automatic;
				DEVELOPMENT_TEAM = QAD9449BNE;
				INFOPLIST_FILE = DataUsageUITests/Info.plist;
				LD_RUNPATH_SEARCH_PATHS = (
					"$(inherited)",
					"@executable_path/Frameworks",
					"@loader_path/Frameworks",
				);
				PRODUCT_BUNDLE_IDENTIFIER = com.perennial.com.DataUsageUITests;
				PRODUCT_NAME = "$(TARGET_NAME)";
				SWIFT_VERSION = 5.0;
				TARGETED_DEVICE_FAMILY = "1,2";
				TEST_TARGET_NAME = DataUsage;
			};
			name = Debug;
		};
		9BFE326A24EACAED00233F4C /* Release */ = {
			isa = XCBuildConfiguration;
			buildSettings = {
				CODE_SIGN_STYLE = Automatic;
				DEVELOPMENT_TEAM = QAD9449BNE;
				INFOPLIST_FILE = DataUsageUITests/Info.plist;
				LD_RUNPATH_SEARCH_PATHS = (
					"$(inherited)",
					"@executable_path/Frameworks",
					"@loader_path/Frameworks",
				);
				PRODUCT_BUNDLE_IDENTIFIER = com.perennial.com.DataUsageUITests;
				PRODUCT_NAME = "$(TARGET_NAME)";
				SWIFT_VERSION = 5.0;
				TARGETED_DEVICE_FAMILY = "1,2";
				TEST_TARGET_NAME = DataUsage;
			};
			name = Release;
		};
/* End XCBuildConfiguration section */

/* Begin XCConfigurationList section */
		9BFE31E924EA5CA200233F4C /* Build configuration list for PBXProject "DataUsage" */ = {
			isa = XCConfigurationList;
			buildConfigurations = (
				9BFE320024EA5CA700233F4C /* Debug */,
				9BFE320124EA5CA700233F4C /* Release */,
			);
			defaultConfigurationIsVisible = 0;
			defaultConfigurationName = Release;
		};
		9BFE320224EA5CA700233F4C /* Build configuration list for PBXNativeTarget "DataUsage" */ = {
			isa = XCConfigurationList;
			buildConfigurations = (
				9BFE320324EA5CA700233F4C /* Debug */,
				9BFE320424EA5CA700233F4C /* Release */,
			);
			defaultConfigurationIsVisible = 0;
			defaultConfigurationName = Release;
		};
		9BFE325C24EACAE000233F4C /* Build configuration list for PBXNativeTarget "DataUsageTests" */ = {
			isa = XCConfigurationList;
			buildConfigurations = (
				9BFE325A24EACAE000233F4C /* Debug */,
				9BFE325B24EACAE000233F4C /* Release */,
			);
			defaultConfigurationIsVisible = 0;
			defaultConfigurationName = Release;
		};
		9BFE326824EACAED00233F4C /* Build configuration list for PBXNativeTarget "DataUsageUITests" */ = {
			isa = XCConfigurationList;
			buildConfigurations = (
				9BFE326924EACAED00233F4C /* Debug */,
				9BFE326A24EACAED00233F4C /* Release */,
			);
			defaultConfigurationIsVisible = 0;
			defaultConfigurationName = Release;
		};
/* End XCConfigurationList section */

/* Begin XCVersionGroup section */
		9BFE323E24EAAEE600233F4C /* DataUsage.xcdatamodeld */ = {
			isa = XCVersionGroup;
			children = (
				9BFE323F24EAAEE600233F4C /* DataUsage.xcdatamodel */,
			);
			currentVersion = 9BFE323F24EAAEE600233F4C /* DataUsage.xcdatamodel */;
			path = DataUsage.xcdatamodeld;
			sourceTree = "<group>";
			versionGroupType = wrapper.xcdatamodel;
		};
/* End XCVersionGroup section */
	};
	rootObject = 9BFE31E624EA5CA200233F4C /* Project object */;
}
