// !$*UTF8*$!
{
	archiveVersion = 1;
	classes = {
	};
	objectVersion = 51;
	objects = {

/* Begin PBXBuildFile section */
		9BFE31F224EA5CA200233F4C /* AppDelegate.swift in Sources */ = {isa = PBXBuildFile; fileRef = 9BFE31F124EA5CA200233F4C /* AppDelegate.swift */; };
		9BFE31F924EA5CA200233F4C /* Main.storyboard in Resources */ = {isa = PBXBuildFile; fileRef = 9BFE31F724EA5CA200233F4C /* Main.storyboard */; };
		9BFE31FB24EA5CA700233F4C /* Assets.xcassets in Resources */ = {isa = PBXBuildFile; fileRef = 9BFE31FA24EA5CA700233F4C /* Assets.xcassets */; };
		9BFE31FE24EA5CA700233F4C /* LaunchScreen.storyboard in Resources */ = {isa = PBXBuildFile; fileRef = 9BFE31FC24EA5CA700233F4C /* LaunchScreen.storyboard */; };
		9BFE320A24EA604800233F4C /* DataUsageViewController.swift in Sources */ = {isa = PBXBuildFile; fileRef = 9BFE320924EA604800233F4C /* DataUsageViewController.swift */; };
		9BFE320C24EA60EE00233F4C /* DataUsageViewModel.swift in Sources */ = {isa = PBXBuildFile; fileRef = 9BFE320B24EA60EE00233F4C /* DataUsageViewModel.swift */; };
		9BFE320F24EA67A600233F4C /* DataUsageTableViewCell.swift in Sources */ = {isa = PBXBuildFile; fileRef = 9BFE320E24EA67A600233F4C /* DataUsageTableViewCell.swift */; };
		9BFE321124EA67EF00233F4C /* DataUsageTableViewCell.xib in Resources */ = {isa = PBXBuildFile; fileRef = 9BFE321024EA67EF00233F4C /* DataUsageTableViewCell.xib */; };
		9BFE321424EA68A800233F4C /* SectionHeaderView.xib in Resources */ = {isa = PBXBuildFile; fileRef = 9BFE321324EA68A800233F4C /* SectionHeaderView.xib */; };
		9BFE321624EA691D00233F4C /* SectionHeaderView.swift in Sources */ = {isa = PBXBuildFile; fileRef = 9BFE321524EA691D00233F4C /* SectionHeaderView.swift */; };
		9BFE321D24EA995800233F4C /* DataUsageRequestDTO.swift in Sources */ = {isa = PBXBuildFile; fileRef = 9BFE321C24EA995800233F4C /* DataUsageRequestDTO.swift */; };
		9BFE321F24EA999700233F4C /* APIError.swift in Sources */ = {isa = PBXBuildFile; fileRef = 9BFE321E24EA999700233F4C /* APIError.swift */; };
		9BFE322124EA99CA00233F4C /* Alamofire+Codable.swift in Sources */ = {isa = PBXBuildFile; fileRef = 9BFE322024EA99CA00233F4C /* Alamofire+Codable.swift */; };
		9BFE322324EA9A5900233F4C /* DataUsageNetworkService.swift in Sources */ = {isa = PBXBuildFile; fileRef = 9BFE322224EA9A5900233F4C /* DataUsageNetworkService.swift */; };
		9BFE322624EA9AF200233F4C /* Configuration.swift in Sources */ = {isa = PBXBuildFile; fileRef = 9BFE322524EA9AF200233F4C /* Configuration.swift */; };
		9BFE322824EA9B1100233F4C /* WebServiceConstant.swift in Sources */ = {isa = PBXBuildFile; fileRef = 9BFE322724EA9B1100233F4C /* WebServiceConstant.swift */; };
		9BFE322B24EA9B6800233F4C /* Fields.swift in Sources */ = {isa = PBXBuildFile; fileRef = 9BFE322A24EA9B6800233F4C /* Fields.swift */; };
		9BFE322D24EA9B8F00233F4C /* YearlyDataUsage.swift in Sources */ = {isa = PBXBuildFile; fileRef = 9BFE322C24EA9B8F00233F4C /* YearlyDataUsage.swift */; };
		9BFE322F24EA9BA900233F4C /* Links.swift in Sources */ = {isa = PBXBuildFile; fileRef = 9BFE322E24EA9BA900233F4C /* Links.swift */; };
		9BFE323124EA9BF200233F4C /* ResultData.swift in Sources */ = {isa = PBXBuildFile; fileRef = 9BFE323024EA9BF200233F4C /* ResultData.swift */; };
		9BFE323324EA9C0400233F4C /* Records.swift in Sources */ = {isa = PBXBuildFile; fileRef = 9BFE323224EA9C0400233F4C /* Records.swift */; };
		9BFE323524EA9D9000233F4C /* DataUsageResponseDTO.swift in Sources */ = {isa = PBXBuildFile; fileRef = 9BFE323424EA9D9000233F4C /* DataUsageResponseDTO.swift */; };
		9BFE323824EAA77300233F4C /* HelperUtility.swift in Sources */ = {isa = PBXBuildFile; fileRef = 9BFE323724EAA77300233F4C /* HelperUtility.swift */; };
		F5588B3EDAC8D109751D4449 /* Pods_DataUsage.framework in Frameworks */ = {isa = PBXBuildFile; fileRef = B9CC62A950E4D32C791662E8 /* Pods_DataUsage.framework */; };
/* End PBXBuildFile section */

/* Begin PBXFileReference section */
		64914E9586BB9E33259386FD /* Pods-DataUsage.release.xcconfig */ = {isa = PBXFileReference; includeInIndex = 1; lastKnownFileType = text.xcconfig; name = "Pods-DataUsage.release.xcconfig"; path = "Target Support Files/Pods-DataUsage/Pods-DataUsage.release.xcconfig"; sourceTree = "<group>"; };
		9BFE31EE24EA5CA200233F4C /* DataUsage.app */ = {isa = PBXFileReference; explicitFileType = wrapper.application; includeInIndex = 0; path = DataUsage.app; sourceTree = BUILT_PRODUCTS_DIR; };
		9BFE31F124EA5CA200233F4C /* AppDelegate.swift */ = {isa = PBXFileReference; lastKnownFileType = sourcecode.swift; path = AppDelegate.swift; sourceTree = "<group>"; };
		9BFE31F824EA5CA200233F4C /* Base */ = {isa = PBXFileReference; lastKnownFileType = file.storyboard; name = Base; path = Base.lproj/Main.storyboard; sourceTree = "<group>"; };
		9BFE31FA24EA5CA700233F4C /* Assets.xcassets */ = {isa = PBXFileReference; lastKnownFileType = folder.assetcatalog; path = Assets.xcassets; sourceTree = "<group>"; };
		9BFE31FD24EA5CA700233F4C /* Base */ = {isa = PBXFileReference; lastKnownFileType = file.storyboard; name = Base; path = Base.lproj/LaunchScreen.storyboard; sourceTree = "<group>"; };
		9BFE31FF24EA5CA700233F4C /* Info.plist */ = {isa = PBXFileReference; lastKnownFileType = text.plist.xml; path = Info.plist; sourceTree = "<group>"; };
		9BFE320924EA604800233F4C /* DataUsageViewController.swift */ = {isa = PBXFileReference; lastKnownFileType = sourcecode.swift; path = DataUsageViewController.swift; sourceTree = "<group>"; };
		9BFE320B24EA60EE00233F4C /* DataUsageViewModel.swift */ = {isa = PBXFileReference; lastKnownFileType = sourcecode.swift; path = DataUsageViewModel.swift; sourceTree = "<group>"; };
		9BFE320E24EA67A600233F4C /* DataUsageTableViewCell.swift */ = {isa = PBXFileReference; lastKnownFileType = sourcecode.swift; path = DataUsageTableViewCell.swift; sourceTree = "<group>"; };
		9BFE321024EA67EF00233F4C /* DataUsageTableViewCell.xib */ = {isa = PBXFileReference; lastKnownFileType = file.xib; path = DataUsageTableViewCell.xib; sourceTree = "<group>"; };
		9BFE321324EA68A800233F4C /* SectionHeaderView.xib */ = {isa = PBXFileReference; lastKnownFileType = file.xib; path = SectionHeaderView.xib; sourceTree = "<group>"; };
		9BFE321524EA691D00233F4C /* SectionHeaderView.swift */ = {isa = PBXFileReference; lastKnownFileType = sourcecode.swift; path = SectionHeaderView.swift; sourceTree = "<group>"; };
		9BFE321C24EA995800233F4C /* DataUsageRequestDTO.swift */ = {isa = PBXFileReference; lastKnownFileType = sourcecode.swift; path = DataUsageRequestDTO.swift; sourceTree = "<group>"; };
		9BFE321E24EA999700233F4C /* APIError.swift */ = {isa = PBXFileReference; lastKnownFileType = sourcecode.swift; path = APIError.swift; sourceTree = "<group>"; };
		9BFE322024EA99CA00233F4C /* Alamofire+Codable.swift */ = {isa = PBXFileReference; lastKnownFileType = sourcecode.swift; path = "Alamofire+Codable.swift"; sourceTree = "<group>"; };
		9BFE322224EA9A5900233F4C /* DataUsageNetworkService.swift */ = {isa = PBXFileReference; lastKnownFileType = sourcecode.swift; path = DataUsageNetworkService.swift; sourceTree = "<group>"; };
		9BFE322524EA9AF200233F4C /* Configuration.swift */ = {isa = PBXFileReference; lastKnownFileType = sourcecode.swift; path = Configuration.swift; sourceTree = "<group>"; };
		9BFE322724EA9B1100233F4C /* WebServiceConstant.swift */ = {isa = PBXFileReference; lastKnownFileType = sourcecode.swift; path = WebServiceConstant.swift; sourceTree = "<group>"; };
		9BFE322A24EA9B6800233F4C /* Fields.swift */ = {isa = PBXFileReference; lastKnownFileType = sourcecode.swift; path = Fields.swift; sourceTree = "<group>"; };
		9BFE322C24EA9B8F00233F4C /* YearlyDataUsage.swift */ = {isa = PBXFileReference; lastKnownFileType = sourcecode.swift; path = YearlyDataUsage.swift; sourceTree = "<group>"; };
		9BFE322E24EA9BA900233F4C /* Links.swift */ = {isa = PBXFileReference; lastKnownFileType = sourcecode.swift; path = Links.swift; sourceTree = "<group>"; };
		9BFE323024EA9BF200233F4C /* ResultData.swift */ = {isa = PBXFileReference; lastKnownFileType = sourcecode.swift; path = ResultData.swift; sourceTree = "<group>"; };
		9BFE323224EA9C0400233F4C /* Records.swift */ = {isa = PBXFileReference; lastKnownFileType = sourcecode.swift; path = Records.swift; sourceTree = "<group>"; };
		9BFE323424EA9D9000233F4C /* DataUsageResponseDTO.swift */ = {isa = PBXFileReference; lastKnownFileType = sourcecode.swift; path = DataUsageResponseDTO.swift; sourceTree = "<group>"; };
		9BFE323724EAA77300233F4C /* HelperUtility.swift */ = {isa = PBXFileReference; lastKnownFileType = sourcecode.swift; path = HelperUtility.swift; sourceTree = "<group>"; };
		B00BD12627275AA0D522A29D /* Pods-DataUsage.debug.xcconfig */ = {isa = PBXFileReference; includeInIndex = 1; lastKnownFileType = text.xcconfig; name = "Pods-DataUsage.debug.xcconfig"; path = "Target Support Files/Pods-DataUsage/Pods-DataUsage.debug.xcconfig"; sourceTree = "<group>"; };
		B9CC62A950E4D32C791662E8 /* Pods_DataUsage.framework */ = {isa = PBXFileReference; explicitFileType = wrapper.framework; includeInIndex = 0; path = Pods_DataUsage.framework; sourceTree = BUILT_PRODUCTS_DIR; };
/* End PBXFileReference section */

/* Begin PBXFrameworksBuildPhase section */
		9BFE31EB24EA5CA200233F4C /* Frameworks */ = {
			isa = PBXFrameworksBuildPhase;
			buildActionMask = 2147483647;
			files = (
				F5588B3EDAC8D109751D4449 /* Pods_DataUsage.framework in Frameworks */,
			);
			runOnlyForDeploymentPostprocessing = 0;
		};
/* End PBXFrameworksBuildPhase section */

/* Begin PBXGroup section */
		31717A1B4DA97A91754DF8D3 /* Pods */ = {
			isa = PBXGroup;
			children = (
				B00BD12627275AA0D522A29D /* Pods-DataUsage.debug.xcconfig */,
				64914E9586BB9E33259386FD /* Pods-DataUsage.release.xcconfig */,
			);
			path = Pods;
			sourceTree = "<group>";
		};
		9BFE31E524EA5CA200233F4C = {
			isa = PBXGroup;
			children = (
				9BFE31F024EA5CA200233F4C /* DataUsage */,
				9BFE31EF24EA5CA200233F4C /* Products */,
				31717A1B4DA97A91754DF8D3 /* Pods */,
				E66D4BEA1CF0E92EB0B2F8AF /* Frameworks */,
			);
			sourceTree = "<group>";
		};
		9BFE31EF24EA5CA200233F4C /* Products */ = {
			isa = PBXGroup;
			children = (
				9BFE31EE24EA5CA200233F4C /* DataUsage.app */,
			);
			name = Products;
			sourceTree = "<group>";
		};
		9BFE31F024EA5CA200233F4C /* DataUsage */ = {
			isa = PBXGroup;
			children = (
				9BFE323624EAA75C00233F4C /* Helper */,
				9BFE322424EA9ADD00233F4C /* Configuration */,
				9BFE321724EA983A00233F4C /* Services */,
				9BFE320824EA5F7E00233F4C /* Storyboards */,
				9BFE320724EA5F7700233F4C /* Resources */,
				9BFE320624EA5EC800233F4C /* CustomUI */,
				9BFE320524EA5E9C00233F4C /* DataUsageScenes */,
				9BFE31F124EA5CA200233F4C /* AppDelegate.swift */,
				9BFE31FF24EA5CA700233F4C /* Info.plist */,
			);
			path = DataUsage;
			sourceTree = "<group>";
		};
		9BFE320524EA5E9C00233F4C /* DataUsageScenes */ = {
			isa = PBXGroup;
			children = (
				9BFE322924EA9B3F00233F4C /* Model */,
				9BFE320924EA604800233F4C /* DataUsageViewController.swift */,
				9BFE320B24EA60EE00233F4C /* DataUsageViewModel.swift */,
			);
			path = DataUsageScenes;
			sourceTree = "<group>";
		};
		9BFE320624EA5EC800233F4C /* CustomUI */ = {
			isa = PBXGroup;
			children = (
				9BFE321224EA688A00233F4C /* SectionHeader */,
				9BFE320D24EA678100233F4C /* Cells */,
			);
			path = CustomUI;
			sourceTree = "<group>";
		};
		9BFE320724EA5F7700233F4C /* Resources */ = {
			isa = PBXGroup;
			children = (
				9BFE31FA24EA5CA700233F4C /* Assets.xcassets */,
			);
			path = Resources;
			sourceTree = "<group>";
		};
		9BFE320824EA5F7E00233F4C /* Storyboards */ = {
			isa = PBXGroup;
			children = (
				9BFE31F724EA5CA200233F4C /* Main.storyboard */,
				9BFE31FC24EA5CA700233F4C /* LaunchScreen.storyboard */,
			);
			path = Storyboards;
			sourceTree = "<group>";
		};
		9BFE320D24EA678100233F4C /* Cells */ = {
			isa = PBXGroup;
			children = (
				9BFE320E24EA67A600233F4C /* DataUsageTableViewCell.swift */,
				9BFE321024EA67EF00233F4C /* DataUsageTableViewCell.xib */,
			);
			path = Cells;
			sourceTree = "<group>";
		};
		9BFE321224EA688A00233F4C /* SectionHeader */ = {
			isa = PBXGroup;
			children = (
				9BFE321324EA68A800233F4C /* SectionHeaderView.xib */,
				9BFE321524EA691D00233F4C /* SectionHeaderView.swift */,
			);
			path = SectionHeader;
			sourceTree = "<group>";
		};
		9BFE321724EA983A00233F4C /* Services */ = {
			isa = PBXGroup;
			children = (
				9BFE321824EA984D00233F4C /* Network */,
			);
			path = Services;
			sourceTree = "<group>";
		};
		9BFE321824EA984D00233F4C /* Network */ = {
			isa = PBXGroup;
			children = (
				9BFE321B24EA986700233F4C /* Extension */,
				9BFE321A24EA986200233F4C /* Error */,
				9BFE321924EA985800233F4C /* RequestDTO */,
				9BFE322224EA9A5900233F4C /* DataUsageNetworkService.swift */,
				9BFE322724EA9B1100233F4C /* WebServiceConstant.swift */,
			);
			path = Network;
			sourceTree = "<group>";
		};
		9BFE321924EA985800233F4C /* RequestDTO */ = {
			isa = PBXGroup;
			children = (
				9BFE321C24EA995800233F4C /* DataUsageRequestDTO.swift */,
			);
			path = RequestDTO;
			sourceTree = "<group>";
		};
		9BFE321A24EA986200233F4C /* Error */ = {
			isa = PBXGroup;
			children = (
				9BFE321E24EA999700233F4C /* APIError.swift */,
			);
			path = Error;
			sourceTree = "<group>";
		};
		9BFE321B24EA986700233F4C /* Extension */ = {
			isa = PBXGroup;
			children = (
				9BFE322024EA99CA00233F4C /* Alamofire+Codable.swift */,
			);
			path = Extension;
			sourceTree = "<group>";
		};
		9BFE322424EA9ADD00233F4C /* Configuration */ = {
			isa = PBXGroup;
			children = (
				9BFE322524EA9AF200233F4C /* Configuration.swift */,
			);
			path = Configuration;
			sourceTree = "<group>";
		};
		9BFE322924EA9B3F00233F4C /* Model */ = {
			isa = PBXGroup;
			children = (
				9BFE322A24EA9B6800233F4C /* Fields.swift */,
				9BFE322C24EA9B8F00233F4C /* YearlyDataUsage.swift */,
				9BFE322E24EA9BA900233F4C /* Links.swift */,
				9BFE323024EA9BF200233F4C /* ResultData.swift */,
				9BFE323224EA9C0400233F4C /* Records.swift */,
				9BFE323424EA9D9000233F4C /* DataUsageResponseDTO.swift */,
			);
			path = Model;
			sourceTree = "<group>";
		};
		9BFE323624EAA75C00233F4C /* Helper */ = {
			isa = PBXGroup;
			children = (
				9BFE323724EAA77300233F4C /* HelperUtility.swift */,
			);
			path = Helper;
			sourceTree = "<group>";
		};
		E66D4BEA1CF0E92EB0B2F8AF /* Frameworks */ = {
			isa = PBXGroup;
			children = (
				B9CC62A950E4D32C791662E8 /* Pods_DataUsage.framework */,
			);
			name = Frameworks;
			sourceTree = "<group>";
		};
/* End PBXGroup section */

/* Begin PBXNativeTarget section */
		9BFE31ED24EA5CA200233F4C /* DataUsage */ = {
			isa = PBXNativeTarget;
			buildConfigurationList = 9BFE320224EA5CA700233F4C /* Build configuration list for PBXNativeTarget "DataUsage" */;
			buildPhases = (
				E99D13E9268AD2BD2C224F4B /* [CP] Check Pods Manifest.lock */,
				9BFE31EA24EA5CA200233F4C /* Sources */,
				9BFE31EB24EA5CA200233F4C /* Frameworks */,
				9BFE31EC24EA5CA200233F4C /* Resources */,
				8D56F543F782ABD09F20AA42 /* [CP] Embed Pods Frameworks */,
			);
			buildRules = (
			);
			dependencies = (
			);
			name = DataUsage;
			productName = DataUsage;
			productReference = 9BFE31EE24EA5CA200233F4C /* DataUsage.app */;
			productType = "com.apple.product-type.application";
		};
/* End PBXNativeTarget section */

/* Begin PBXProject section */
		9BFE31E624EA5CA200233F4C /* Project object */ = {
			isa = PBXProject;
			attributes = {
				LastSwiftUpdateCheck = 1150;
				LastUpgradeCheck = 1150;
				ORGANIZATIONNAME = "Perennial System";
				TargetAttributes = {
					9BFE31ED24EA5CA200233F4C = {
						CreatedOnToolsVersion = 11.5;
					};
				};
			};
			buildConfigurationList = 9BFE31E924EA5CA200233F4C /* Build configuration list for PBXProject "DataUsage" */;
			compatibilityVersion = "Xcode 9.3";
			developmentRegion = en;
			hasScannedForEncodings = 0;
			knownRegions = (
				en,
				Base,
			);
			mainGroup = 9BFE31E524EA5CA200233F4C;
			productRefGroup = 9BFE31EF24EA5CA200233F4C /* Products */;
			projectDirPath = "";
			projectRoot = "";
			targets = (
				9BFE31ED24EA5CA200233F4C /* DataUsage */,
			);
		};
/* End PBXProject section */

/* Begin PBXResourcesBuildPhase section */
		9BFE31EC24EA5CA200233F4C /* Resources */ = {
			isa = PBXResourcesBuildPhase;
			buildActionMask = 2147483647;
			files = (
				9BFE31FE24EA5CA700233F4C /* LaunchScreen.storyboard in Resources */,
				9BFE321124EA67EF00233F4C /* DataUsageTableViewCell.xib in Resources */,
				9BFE321424EA68A800233F4C /* SectionHeaderView.xib in Resources */,
				9BFE31FB24EA5CA700233F4C /* Assets.xcassets in Resources */,
				9BFE31F924EA5CA200233F4C /* Main.storyboard in Resources */,
			);
			runOnlyForDeploymentPostprocessing = 0;
		};
/* End PBXResourcesBuildPhase section */

/* Begin PBXShellScriptBuildPhase section */
		8D56F543F782ABD09F20AA42 /* [CP] Embed Pods Frameworks */ = {
			isa = PBXShellScriptBuildPhase;
			buildActionMask = 2147483647;
			files = (
			);
			inputFileListPaths = (
				"${PODS_ROOT}/Target Support Files/Pods-DataUsage/Pods-DataUsage-frameworks-${CONFIGURATION}-input-files.xcfilelist",
			);
			name = "[CP] Embed Pods Frameworks";
			outputFileListPaths = (
				"${PODS_ROOT}/Target Support Files/Pods-DataUsage/Pods-DataUsage-frameworks-${CONFIGURATION}-output-files.xcfilelist",
			);
			runOnlyForDeploymentPostprocessing = 0;
			shellPath = /bin/sh;
			shellScript = "\"${PODS_ROOT}/Target Support Files/Pods-DataUsage/Pods-DataUsage-frameworks.sh\"\n";
			showEnvVarsInLog = 0;
		};
		E99D13E9268AD2BD2C224F4B /* [CP] Check Pods Manifest.lock */ = {
			isa = PBXShellScriptBuildPhase;
			buildActionMask = 2147483647;
			files = (
			);
			inputFileListPaths = (
			);
			inputPaths = (
				"${PODS_PODFILE_DIR_PATH}/Podfile.lock",
				"${PODS_ROOT}/Manifest.lock",
			);
			name = "[CP] Check Pods Manifest.lock";
			outputFileListPaths = (
			);
			outputPaths = (
				"$(DERIVED_FILE_DIR)/Pods-DataUsage-checkManifestLockResult.txt",
			);
			runOnlyForDeploymentPostprocessing = 0;
			shellPath = /bin/sh;
			shellScript = "diff \"${PODS_PODFILE_DIR_PATH}/Podfile.lock\" \"${PODS_ROOT}/Manifest.lock\" > /dev/null\nif [ $? != 0 ] ; then\n    # print error to STDERR\n    echo \"error: The sandbox is not in sync with the Podfile.lock. Run 'pod install' or update your CocoaPods installation.\" >&2\n    exit 1\nfi\n# This output is used by Xcode 'outputs' to avoid re-running this script phase.\necho \"SUCCESS\" > \"${SCRIPT_OUTPUT_FILE_0}\"\n";
			showEnvVarsInLog = 0;
		};
/* End PBXShellScriptBuildPhase section */

/* Begin PBXSourcesBuildPhase section */
		9BFE31EA24EA5CA200233F4C /* Sources */ = {
			isa = PBXSourcesBuildPhase;
			buildActionMask = 2147483647;
			files = (
				9BFE323824EAA77300233F4C /* HelperUtility.swift in Sources */,
				9BFE323524EA9D9000233F4C /* DataUsageResponseDTO.swift in Sources */,
				9BFE320A24EA604800233F4C /* DataUsageViewController.swift in Sources */,
				9BFE321D24EA995800233F4C /* DataUsageRequestDTO.swift in Sources */,
				9BFE31F224EA5CA200233F4C /* AppDelegate.swift in Sources */,
				9BFE322324EA9A5900233F4C /* DataUsageNetworkService.swift in Sources */,
				9BFE321624EA691D00233F4C /* SectionHeaderView.swift in Sources */,
				9BFE323124EA9BF200233F4C /* ResultData.swift in Sources */,
				9BFE320C24EA60EE00233F4C /* DataUsageViewModel.swift in Sources */,
				9BFE322B24EA9B6800233F4C /* Fields.swift in Sources */,
				9BFE322824EA9B1100233F4C /* WebServiceConstant.swift in Sources */,
				9BFE322D24EA9B8F00233F4C /* YearlyDataUsage.swift in Sources */,
				9BFE323324EA9C0400233F4C /* Records.swift in Sources */,
				9BFE322624EA9AF200233F4C /* Configuration.swift in Sources */,
				9BFE320F24EA67A600233F4C /* DataUsageTableViewCell.swift in Sources */,
				9BFE322F24EA9BA900233F4C /* Links.swift in Sources */,
				9BFE321F24EA999700233F4C /* APIError.swift in Sources */,
				9BFE322124EA99CA00233F4C /* Alamofire+Codable.swift in Sources */,
			);
			runOnlyForDeploymentPostprocessing = 0;
		};
/* End PBXSourcesBuildPhase section */

/* Begin PBXVariantGroup section */
		9BFE31F724EA5CA200233F4C /* Main.storyboard */ = {
			isa = PBXVariantGroup;
			children = (
				9BFE31F824EA5CA200233F4C /* Base */,
			);
			name = Main.storyboard;
			sourceTree = "<group>";
		};
		9BFE31FC24EA5CA700233F4C /* LaunchScreen.storyboard */ = {
			isa = PBXVariantGroup;
			children = (
				9BFE31FD24EA5CA700233F4C /* Base */,
			);
			name = LaunchScreen.storyboard;
			sourceTree = "<group>";
		};
/* End PBXVariantGroup section */

/* Begin XCBuildConfiguration section */
		9BFE320024EA5CA700233F4C /* Debug */ = {
			isa = XCBuildConfiguration;
			buildSettings = {
				ALWAYS_SEARCH_USER_PATHS = NO;
				CLANG_ANALYZER_NONNULL = YES;
				CLANG_ANALYZER_NUMBER_OBJECT_CONVERSION = YES_AGGRESSIVE;
				CLANG_CXX_LANGUAGE_STANDARD = "gnu++14";
				CLANG_CXX_LIBRARY = "libc++";
				CLANG_ENABLE_MODULES = YES;
				CLANG_ENABLE_OBJC_ARC = YES;
				CLANG_ENABLE_OBJC_WEAK = YES;
				CLANG_WARN_BLOCK_CAPTURE_AUTORELEASING = YES;
				CLANG_WARN_BOOL_CONVERSION = YES;
				CLANG_WARN_COMMA = YES;
				CLANG_WARN_CONSTANT_CONVERSION = YES;
				CLANG_WARN_DEPRECATED_OBJC_IMPLEMENTATIONS = YES;
				CLANG_WARN_DIRECT_OBJC_ISA_USAGE = YES_ERROR;
				CLANG_WARN_DOCUMENTATION_COMMENTS = YES;
				CLANG_WARN_EMPTY_BODY = YES;
				CLANG_WARN_ENUM_CONVERSION = YES;
				CLANG_WARN_INFINITE_RECURSION = YES;
				CLANG_WARN_INT_CONVERSION = YES;
				CLANG_WARN_NON_LITERAL_NULL_CONVERSION = YES;
				CLANG_WARN_OBJC_IMPLICIT_RETAIN_SELF = YES;
				CLANG_WARN_OBJC_LITERAL_CONVERSION = YES;
				CLANG_WARN_OBJC_ROOT_CLASS = YES_ERROR;
				CLANG_WARN_RANGE_LOOP_ANALYSIS = YES;
				CLANG_WARN_STRICT_PROTOTYPES = YES;
				CLANG_WARN_SUSPICIOUS_MOVE = YES;
				CLANG_WARN_UNGUARDED_AVAILABILITY = YES_AGGRESSIVE;
				CLANG_WARN_UNREACHABLE_CODE = YES;
				CLANG_WARN__DUPLICATE_METHOD_MATCH = YES;
				COPY_PHASE_STRIP = NO;
				DEBUG_INFORMATION_FORMAT = dwarf;
				ENABLE_STRICT_OBJC_MSGSEND = YES;
				ENABLE_TESTABILITY = YES;
				GCC_C_LANGUAGE_STANDARD = gnu11;
				GCC_DYNAMIC_NO_PIC = NO;
				GCC_NO_COMMON_BLOCKS = YES;
				GCC_OPTIMIZATION_LEVEL = 0;
				GCC_PREPROCESSOR_DEFINITIONS = (
					"DEBUG=1",
					"$(inherited)",
				);
				GCC_WARN_64_TO_32_BIT_CONVERSION = YES;
				GCC_WARN_ABOUT_RETURN_TYPE = YES_ERROR;
				GCC_WARN_UNDECLARED_SELECTOR = YES;
				GCC_WARN_UNINITIALIZED_AUTOS = YES_AGGRESSIVE;
				GCC_WARN_UNUSED_FUNCTION = YES;
				GCC_WARN_UNUSED_VARIABLE = YES;
				IPHONEOS_DEPLOYMENT_TARGET = 13.5;
				MTL_ENABLE_DEBUG_INFO = INCLUDE_SOURCE;
				MTL_FAST_MATH = YES;
				ONLY_ACTIVE_ARCH = YES;
				SDKROOT = iphoneos;
				SWIFT_ACTIVE_COMPILATION_CONDITIONS = DEBUG;
				SWIFT_OPTIMIZATION_LEVEL = "-Onone";
			};
			name = Debug;
		};
		9BFE320124EA5CA700233F4C /* Release */ = {
			isa = XCBuildConfiguration;
			buildSettings = {
				ALWAYS_SEARCH_USER_PATHS = NO;
				CLANG_ANALYZER_NONNULL = YES;
				CLANG_ANALYZER_NUMBER_OBJECT_CONVERSION = YES_AGGRESSIVE;
				CLANG_CXX_LANGUAGE_STANDARD = "gnu++14";
				CLANG_CXX_LIBRARY = "libc++";
				CLANG_ENABLE_MODULES = YES;
				CLANG_ENABLE_OBJC_ARC = YES;
				CLANG_ENABLE_OBJC_WEAK = YES;
				CLANG_WARN_BLOCK_CAPTURE_AUTORELEASING = YES;
				CLANG_WARN_BOOL_CONVERSION = YES;
				CLANG_WARN_COMMA = YES;
				CLANG_WARN_CONSTANT_CONVERSION = YES;
				CLANG_WARN_DEPRECATED_OBJC_IMPLEMENTATIONS = YES;
				CLANG_WARN_DIRECT_OBJC_ISA_USAGE = YES_ERROR;
				CLANG_WARN_DOCUMENTATION_COMMENTS = YES;
				CLANG_WARN_EMPTY_BODY = YES;
				CLANG_WARN_ENUM_CONVERSION = YES;
				CLANG_WARN_INFINITE_RECURSION = YES;
				CLANG_WARN_INT_CONVERSION = YES;
				CLANG_WARN_NON_LITERAL_NULL_CONVERSION = YES;
				CLANG_WARN_OBJC_IMPLICIT_RETAIN_SELF = YES;
				CLANG_WARN_OBJC_LITERAL_CONVERSION = YES;
				CLANG_WARN_OBJC_ROOT_CLASS = YES_ERROR;
				CLANG_WARN_RANGE_LOOP_ANALYSIS = YES;
				CLANG_WARN_STRICT_PROTOTYPES = YES;
				CLANG_WARN_SUSPICIOUS_MOVE = YES;
				CLANG_WARN_UNGUARDED_AVAILABILITY = YES_AGGRESSIVE;
				CLANG_WARN_UNREACHABLE_CODE = YES;
				CLANG_WARN__DUPLICATE_METHOD_MATCH = YES;
				COPY_PHASE_STRIP = NO;
				DEBUG_INFORMATION_FORMAT = "dwarf-with-dsym";
				ENABLE_NS_ASSERTIONS = NO;
				ENABLE_STRICT_OBJC_MSGSEND = YES;
				GCC_C_LANGUAGE_STANDARD = gnu11;
				GCC_NO_COMMON_BLOCKS = YES;
				GCC_WARN_64_TO_32_BIT_CONVERSION = YES;
				GCC_WARN_ABOUT_RETURN_TYPE = YES_ERROR;
				GCC_WARN_UNDECLARED_SELECTOR = YES;
				GCC_WARN_UNINITIALIZED_AUTOS = YES_AGGRESSIVE;
				GCC_WARN_UNUSED_FUNCTION = YES;
				GCC_WARN_UNUSED_VARIABLE = YES;
				IPHONEOS_DEPLOYMENT_TARGET = 13.5;
				MTL_ENABLE_DEBUG_INFO = NO;
				MTL_FAST_MATH = YES;
				SDKROOT = iphoneos;
				SWIFT_COMPILATION_MODE = wholemodule;
				SWIFT_OPTIMIZATION_LEVEL = "-O";
				VALIDATE_PRODUCT = YES;
			};
			name = Release;
		};
		9BFE320324EA5CA700233F4C /* Debug */ = {
			isa = XCBuildConfiguration;
			baseConfigurationReference = B00BD12627275AA0D522A29D /* Pods-DataUsage.debug.xcconfig */;
			buildSettings = {
				ASSETCATALOG_COMPILER_APPICON_NAME = AppIcon;
				CODE_SIGN_STYLE = Automatic;
				DEVELOPMENT_TEAM = QAD9449BNE;
				INFOPLIST_FILE = DataUsage/Info.plist;
				LD_RUNPATH_SEARCH_PATHS = (
					"$(inherited)",
					"@executable_path/Frameworks",
				);
				PRODUCT_BUNDLE_IDENTIFIER = com.perennial.com.DataUsage;
				PRODUCT_NAME = "$(TARGET_NAME)";
				SWIFT_VERSION = 5.0;
				TARGETED_DEVICE_FAMILY = "1,2";
			};
			name = Debug;
		};
		9BFE320424EA5CA700233F4C /* Release */ = {
			isa = XCBuildConfiguration;
			baseConfigurationReference = 64914E9586BB9E33259386FD /* Pods-DataUsage.release.xcconfig */;
			buildSettings = {
				ASSETCATALOG_COMPILER_APPICON_NAME = AppIcon;
				CODE_SIGN_STYLE = Automatic;
				DEVELOPMENT_TEAM = QAD9449BNE;
				INFOPLIST_FILE = DataUsage/Info.plist;
				LD_RUNPATH_SEARCH_PATHS = (
					"$(inherited)",
					"@executable_path/Frameworks",
				);
				PRODUCT_BUNDLE_IDENTIFIER = com.perennial.com.DataUsage;
				PRODUCT_NAME = "$(TARGET_NAME)";
				SWIFT_VERSION = 5.0;
				TARGETED_DEVICE_FAMILY = "1,2";
			};
			name = Release;
		};
/* End XCBuildConfiguration section */

/* Begin XCConfigurationList section */
		9BFE31E924EA5CA200233F4C /* Build configuration list for PBXProject "DataUsage" */ = {
			isa = XCConfigurationList;
			buildConfigurations = (
				9BFE320024EA5CA700233F4C /* Debug */,
				9BFE320124EA5CA700233F4C /* Release */,
			);
			defaultConfigurationIsVisible = 0;
			defaultConfigurationName = Release;
		};
		9BFE320224EA5CA700233F4C /* Build configuration list for PBXNativeTarget "DataUsage" */ = {
			isa = XCConfigurationList;
			buildConfigurations = (
				9BFE320324EA5CA700233F4C /* Debug */,
				9BFE320424EA5CA700233F4C /* Release */,
			);
			defaultConfigurationIsVisible = 0;
			defaultConfigurationName = Release;
		};
/* End XCConfigurationList section */
	};
	rootObject = 9BFE31E624EA5CA200233F4C /* Project object */;
}
